
Microsoft Visual Studio Solution File, Format Version 12.00
# Visual Studio Version 17
VisualStudioVersion = 17.6.33723.286
MinimumVisualStudioVersion = 10.0.40219.1
Project("{888888A0-9F3D-457C-B088-3A5042F75D52}") = "acmShyryiHW27_2", "acmShyryiHW27_2\acmShyryiHW27_2.pyproj", "{F15E9EA0-0FD7-4C45-8F43-EE9ADCAC7A23}"
EndProject
Global
	GlobalSection(SolutionConfigurationPlatforms) = preSolution
		Debug|Any CPU = Debug|Any CPU
		Release|Any CPU = Release|Any CPU
	EndGlobalSection
	GlobalSection(ProjectConfigurationPlatforms) = postSolution
		{F15E9EA0-0FD7-4C45-8F43-EE9ADCAC7A23}.Debug|Any CPU.ActiveCfg = Debug|Any CPU
		{F15E9EA0-0FD7-4C45-8F43-EE9ADCAC7A23}.Release|Any CPU.ActiveCfg = Release|Any CPU
	EndGlobalSection
	GlobalSection(SolutionProperties) = preSolution
		HideSolutionNode = FALSE
	EndGlobalSection
	GlobalSection(ExtensibilityGlobals) = postSolution
		SolutionGuid = {88171906-1015-485B-B2D2-85DD96D69229}
	EndGlobalSection
EndGlobal
