
Microsoft Visual Studio Solution File, Format Version 12.00
# Visual Studio Version 17
VisualStudioVersion = 17.6.33723.286
MinimumVisualStudioVersion = 10.0.40219.1
Project("{9092AA53-FB77-4645-B42D-1CCCA6BD08BD}") = "acmShyryiHW28_1", "acmShyryiHW28_1\acmShyryiHW28_1.njsproj", "{A212DE2B-207F-4813-9207-E67974248F6F}"
EndProject
Global
	GlobalSection(SolutionConfigurationPlatforms) = preSolution
		Debug|Any CPU = Debug|Any CPU
		Release|Any CPU = Release|Any CPU
	EndGlobalSection
	GlobalSection(ProjectConfigurationPlatforms) = postSolution
		{A212DE2B-207F-4813-9207-E67974248F6F}.Debug|Any CPU.ActiveCfg = Debug|Any CPU
		{A212DE2B-207F-4813-9207-E67974248F6F}.Debug|Any CPU.Build.0 = Debug|Any CPU
		{A212DE2B-207F-4813-9207-E67974248F6F}.Release|Any CPU.ActiveCfg = Release|Any CPU
		{A212DE2B-207F-4813-9207-E67974248F6F}.Release|Any CPU.Build.0 = Release|Any CPU
	EndGlobalSection
	GlobalSection(SolutionProperties) = preSolution
		HideSolutionNode = FALSE
	EndGlobalSection
	GlobalSection(ExtensibilityGlobals) = postSolution
		SolutionGuid = {B035A4C0-2EF4-4341-8BD2-CD9752CFE235}
	EndGlobalSection
EndGlobal
